{
  "name": "hackathon",
  "version": "1.0.0",
  "lockfileVersion": 1,
  "requires": true,
  "dependencies": {
    "@nervosnetwork/ckb-sdk-core": {
      "version": "0.30.0",
      "resolved": "https://registry.npm.taobao.org/@nervosnetwork/ckb-sdk-core/download/@nervosnetwork/ckb-sdk-core-0.30.0.tgz",
      "integrity": "sha1-Sj/PxEanHXAPptroPTVyykjUdk8=",
      "requires": {
        "@nervosnetwork/ckb-sdk-rpc": "0.30.0",
        "@nervosnetwork/ckb-sdk-utils": "0.30.0",
        "@nervosnetwork/ckb-types": "0.30.0"
      }
    },
    "@nervosnetwork/ckb-sdk-rpc": {
      "version": "0.30.0",
      "resolved": "https://registry.npm.taobao.org/@nervosnetwork/ckb-sdk-rpc/download/@nervosnetwork/ckb-sdk-rpc-0.30.0.tgz",
      "integrity": "sha1-aM+h4vc/nXzJLRF5HYhjqm1Ch1w=",
      "requires": {
        "@nervosnetwork/ckb-sdk-utils": "0.30.0",
        "axios": "0.19.0"
      },
      "dependencies": {
        "axios": {
          "version": "0.19.0",
          "resolved": "https://registry.npm.taobao.org/axios/download/axios-0.19.0.tgz",
          "integrity": "sha1-jgm/89kSLhM/e4EByPvdAO09Krg=",
          "requires": {
            "follow-redirects": "1.5.10",
            "is-buffer": "^2.0.2"
          }
        }
      }
    },
    "@nervosnetwork/ckb-sdk-utils": {
      "version": "0.30.0",
      "resolved": "https://registry.npm.taobao.org/@nervosnetwork/ckb-sdk-utils/download/@nervosnetwork/ckb-sdk-utils-0.30.0.tgz",
      "integrity": "sha1-SekkGQhLX4R4DRXTJS0iaWDr1VM=",
      "requires": {
        "@nervosnetwork/ckb-types": "0.30.0",
        "blake2b-wasm": "2.1.0",
        "elliptic": "6.5.2",
        "jsbi": "3.1.1"
      }
    },
    "@nervosnetwork/ckb-types": {
      "version": "0.30.0",
      "resolved": "https://registry.npm.taobao.org/@nervosnetwork/ckb-types/download/@nervosnetwork/ckb-types-0.30.0.tgz",
      "integrity": "sha1-cs6fSYYPFQPcCsGsjepzGDS9hQI="
    },
    "@types/debug": {
      "version": "4.1.5",
      "resolved": "https://registry.npm.taobao.org/@types/debug/download/@types/debug-4.1.5.tgz",
      "integrity": "sha1-sU76iFK3do2JiQZhPCP2iHE+As0="
    },
    "@types/node": {
      "version": "12.12.31",
      "resolved": "https://registry.npm.taobao.org/@types/node/download/@types/node-12.12.31.tgz?cache=0&sync_timestamp=1585118009210&other_urls=https%3A%2F%2Fregistry.npm.taobao.org%2F%40types%2Fnode%2Fdownload%2F%40types%2Fnode-12.12.31.tgz",
      "integrity": "sha1-1rT5ZF/uF/ETGbUI+xABeXQl2lE="
    },
    "@types/randombytes": {
      "version": "2.0.0",
      "resolved": "https://registry.npm.taobao.org/@types/randombytes/download/@types/randombytes-2.0.0.tgz",
      "integrity": "sha1-AIf/XmCuaAI7m8Q5i0Bv6nrRgwQ=",
      "requires": {
        "@types/node": "*"
      }
    },
    "@types/secp256k1": {
      "version": "3.5.3",
      "resolved": "https://registry.npm.taobao.org/@types/secp256k1/download/@types/secp256k1-3.5.3.tgz",
      "integrity": "sha1-V+v90Z1HbeP/E3WM97bZ5CDVTBk=",
      "requires": {
        "@types/node": "*"
      }
    },
    "axios": {
      "version": "0.19.2",
      "resolved": "https://registry.npm.taobao.org/axios/download/axios-0.19.2.tgz",
      "integrity": "sha1-PqNsXYgY0NX4qKl6bTa4bNwAyyc=",
      "requires": {
        "follow-redirects": "1.5.10"
      }
    },
    "bignumber.js": {
      "version": "9.0.0",
      "resolved": "https://registry.npm.taobao.org/bignumber.js/download/bignumber.js-9.0.0.tgz",
      "integrity": "sha1-gFiA+Eoym16sbny2+CdLbYK98HU="
    },
    "bindings": {
      "version": "1.5.0",
      "resolved": "https://registry.npm.taobao.org/bindings/download/bindings-1.5.0.tgz?cache=0&other_urls=https%3A%2F%2Fregistry.npm.taobao.org%2Fbindings%2Fdownload%2Fbindings-1.5.0.tgz",
      "integrity": "sha1-EDU8npRTNLwFEabZCzj7x8nFBN8=",
      "requires": {
        "file-uri-to-path": "1.0.0"
      }
    },
    "bip39": {
      "version": "3.0.2",
      "resolved": "https://registry.npm.taobao.org/bip39/download/bip39-3.0.2.tgz",
      "integrity": "sha1-K69C/zBx/J3dUQPekuj4DZJX7jI=",
      "requires": {
        "@types/node": "11.11.6",
        "create-hash": "^1.1.0",
        "pbkdf2": "^3.0.9",
        "randombytes": "^2.0.1"
      },
      "dependencies": {
        "@types/node": {
          "version": "11.11.6",
          "resolved": "https://registry.npm.taobao.org/@types/node/download/@types/node-11.11.6.tgz?cache=0&sync_timestamp=1585118009210&other_urls=https%3A%2F%2Fregistry.npm.taobao.org%2F%40types%2Fnode%2Fdownload%2F%40types%2Fnode-11.11.6.tgz",
          "integrity": "sha1-35KdG7Lu5a/dpZikGTD+ULQ+qmo="
        }
      }
    },
    "bip66": {
      "version": "1.1.5",
      "resolved": "https://registry.npm.taobao.org/bip66/download/bip66-1.1.5.tgz",
      "integrity": "sha1-AfqHSHhcpwlV1QESF9GzE5lpyiI=",
      "requires": {
        "safe-buffer": "^5.0.1"
      }
    },
    "bl": {
      "version": "2.2.1",
      "resolved": "https://registry.npmjs.org/bl/-/bl-2.2.1.tgz",
      "integrity": "sha512-6Pesp1w0DEX1N550i/uGV/TqucVL4AM/pgThFSN/Qq9si1/DF9aIHs1BxD8V/QU0HoeHO6cQRTAuYnLPKq1e4g==",
      "requires": {
        "readable-stream": "^2.3.5",
        "safe-buffer": "^5.1.1"
      }
    },
    "blake2b-wasm": {
      "version": "2.1.0",
      "resolved": "https://registry.npm.taobao.org/blake2b-wasm/download/blake2b-wasm-2.1.0.tgz",
      "integrity": "sha1-qpDtaHuKkuHAHRZD24a88hyqKrc=",
      "requires": {
        "nanoassert": "^1.0.0"
      }
    },
    "bn.js": {
      "version": "4.11.8",
      "resolved": "https://registry.npm.taobao.org/bn.js/download/bn.js-4.11.8.tgz",
      "integrity": "sha1-LN4J617jQfSEdGuwMJsyU7GxRC8="
    },
    "brorand": {
      "version": "1.1.0",
      "resolved": "https://registry.npm.taobao.org/brorand/download/brorand-1.1.0.tgz",
      "integrity": "sha1-EsJe/kCkXjwyPrhnWgoM5XsiNx8="
    },
    "browserify-aes": {
      "version": "1.2.0",
      "resolved": "https://registry.npm.taobao.org/browserify-aes/download/browserify-aes-1.2.0.tgz",
      "integrity": "sha1-Mmc0ZC9APavDADIJhTu3CtQo70g=",
      "requires": {
        "buffer-xor": "^1.0.3",
        "cipher-base": "^1.0.0",
        "create-hash": "^1.1.0",
        "evp_bytestokey": "^1.0.3",
        "inherits": "^2.0.1",
        "safe-buffer": "^5.0.1"
      }
    },
    "bs58": {
      "version": "2.0.1",
      "resolved": "https://registry.npm.taobao.org/bs58/download/bs58-2.0.1.tgz",
      "integrity": "sha1-VZCNWPGYKrogCPob7Y+RmYopv40="
    },
    "bson": {
      "version": "1.1.4",
      "resolved": "https://registry.npm.taobao.org/bson/download/bson-1.1.4.tgz",
      "integrity": "sha1-92hw15nxW4VN/7fuMvCodHl/fok="
    },
    "buffer-xor": {
      "version": "1.0.3",
      "resolved": "https://registry.npm.taobao.org/buffer-xor/download/buffer-xor-1.0.3.tgz",
      "integrity": "sha1-JuYe0UIvtw3ULm42cp7VHYVf6Nk="
    },
    "camelcase": {
      "version": "5.3.1",
      "resolved": "https://registry.npm.taobao.org/camelcase/download/camelcase-5.3.1.tgz",
      "integrity": "sha1-48mzFWnhBoEd8kL3FXJaH0xJQyA="
    },
    "camelcase-keys": {
      "version": "6.2.1",
      "resolved": "https://registry.npm.taobao.org/camelcase-keys/download/camelcase-keys-6.2.1.tgz?cache=0&sync_timestamp=1583504615097&other_urls=https%3A%2F%2Fregistry.npm.taobao.org%2Fcamelcase-keys%2Fdownload%2Fcamelcase-keys-6.2.1.tgz",
      "integrity": "sha1-zT4tLX23Z6o/JH5MLfk7RmEAiUU=",
      "requires": {
        "camelcase": "^5.3.1",
        "map-obj": "^4.0.0",
        "quick-lru": "^4.0.1"
      }
    },
    "cipher-base": {
      "version": "1.0.4",
      "resolved": "https://registry.npm.taobao.org/cipher-base/download/cipher-base-1.0.4.tgz",
      "integrity": "sha1-h2Dk7MJy9MNjUy+SbYdKriwTl94=",
      "requires": {
        "inherits": "^2.0.1",
        "safe-buffer": "^5.0.1"
      }
    },
    "coinstring": {
      "version": "2.3.0",
      "resolved": "https://registry.npm.taobao.org/coinstring/download/coinstring-2.3.0.tgz",
      "integrity": "sha1-zbYzY6lhUCQEolr7gsLibV/2J6Q=",
      "requires": {
        "bs58": "^2.0.1",
        "create-hash": "^1.1.1"
      }
    },
    "core-util-is": {
      "version": "1.0.2",
      "resolved": "https://registry.npm.taobao.org/core-util-is/download/core-util-is-1.0.2.tgz",
      "integrity": "sha1-tf1UIgqivFq1eqtxQMlAdUUDwac="
    },
    "create-hash": {
      "version": "1.2.0",
      "resolved": "https://registry.npm.taobao.org/create-hash/download/create-hash-1.2.0.tgz",
      "integrity": "sha1-iJB4rxGmN1a8+1m9IhmWvjqe8ZY=",
      "requires": {
        "cipher-base": "^1.0.1",
        "inherits": "^2.0.1",
        "md5.js": "^1.3.4",
        "ripemd160": "^2.0.1",
        "sha.js": "^2.4.0"
      }
    },
    "create-hmac": {
      "version": "1.1.7",
      "resolved": "https://registry.npm.taobao.org/create-hmac/download/create-hmac-1.1.7.tgz",
      "integrity": "sha1-aRcMeLOrlXFHsriwRXLkfq0iQ/8=",
      "requires": {
        "cipher-base": "^1.0.3",
        "create-hash": "^1.1.0",
        "inherits": "^2.0.1",
        "ripemd160": "^2.0.0",
        "safe-buffer": "^5.0.1",
        "sha.js": "^2.4.8"
      }
    },
    "cron": {
      "version": "1.8.2",
      "resolved": "https://registry.npm.taobao.org/cron/download/cron-1.8.2.tgz",
      "integrity": "sha1-SsXjxVuowWPYTzQHvelGMtqDcM4=",
      "requires": {
        "moment-timezone": "^0.5.x"
      }
    },
    "cross-fetch": {
      "version": "3.0.4",
      "resolved": "https://registry.npm.taobao.org/cross-fetch/download/cross-fetch-3.0.4.tgz",
      "integrity": "sha1-e+9wICB+aEp2OO9fL2mOJNnrKDw=",
      "requires": {
        "node-fetch": "2.6.0",
        "whatwg-fetch": "3.0.0"
      }
    },
    "debug": {
      "version": "4.1.1",
      "resolved": "https://registry.npm.taobao.org/debug/download/debug-4.1.1.tgz?cache=0&other_urls=https%3A%2F%2Fregistry.npm.taobao.org%2Fdebug%2Fdownload%2Fdebug-4.1.1.tgz",
      "integrity": "sha1-O3ImAlUQnGtYnO4FDx1RYTlmR5E=",
      "requires": {
        "ms": "^2.1.1"
      }
    },
    "denque": {
      "version": "1.4.1",
      "resolved": "https://registry.npm.taobao.org/denque/download/denque-1.4.1.tgz",
      "integrity": "sha1-Z0T/dkHBSMP4ppwwflEjXB9KN88="
    },
    "drbg.js": {
      "version": "1.0.1",
      "resolved": "https://registry.npm.taobao.org/drbg.js/download/drbg.js-1.0.1.tgz",
      "integrity": "sha1-Pja2xCs3BDgjzbwzLVjzHiRFSAs=",
      "requires": {
        "browserify-aes": "^1.0.6",
        "create-hash": "^1.1.2",
        "create-hmac": "^1.1.4"
      }
    },
    "elliptic": {
      "version": "6.5.2",
      "resolved": "https://registry.npm.taobao.org/elliptic/download/elliptic-6.5.2.tgz",
      "integrity": "sha1-BcVnjXFzwEnYykM1UiJKSV0ON2I=",
      "requires": {
        "bn.js": "^4.4.0",
        "brorand": "^1.0.1",
        "hash.js": "^1.0.0",
        "hmac-drbg": "^1.0.0",
        "inherits": "^2.0.1",
        "minimalistic-assert": "^1.0.0",
        "minimalistic-crypto-utils": "^1.0.0"
      }
    },
    "evp_bytestokey": {
      "version": "1.0.3",
      "resolved": "https://registry.npm.taobao.org/evp_bytestokey/download/evp_bytestokey-1.0.3.tgz",
      "integrity": "sha1-f8vbGY3HGVlDLv4ThCaE4FJaywI=",
      "requires": {
        "md5.js": "^1.3.4",
        "safe-buffer": "^5.1.1"
      }
    },
    "file-uri-to-path": {
      "version": "1.0.0",
      "resolved": "https://registry.npm.taobao.org/file-uri-to-path/download/file-uri-to-path-1.0.0.tgz",
      "integrity": "sha1-VTp7hEb/b2hDWcRF8eN6BdrMM90="
    },
    "follow-redirects": {
      "version": "1.5.10",
      "resolved": "https://registry.npm.taobao.org/follow-redirects/download/follow-redirects-1.5.10.tgz",
      "integrity": "sha1-e3qfmuov3/NnhqlP9kPtB/T/Xio=",
      "requires": {
        "debug": "=3.1.0"
      },
      "dependencies": {
        "debug": {
          "version": "3.1.0",
          "resolved": "https://registry.npm.taobao.org/debug/download/debug-3.1.0.tgz?cache=0&other_urls=https%3A%2F%2Fregistry.npm.taobao.org%2Fdebug%2Fdownload%2Fdebug-3.1.0.tgz",
          "integrity": "sha1-W7WgZyYotkFJVmuhaBnmFRjGcmE=",
          "requires": {
            "ms": "2.0.0"
          }
        },
        "ms": {
          "version": "2.0.0",
          "resolved": "https://registry.npm.taobao.org/ms/download/ms-2.0.0.tgz?cache=0&other_urls=https%3A%2F%2Fregistry.npm.taobao.org%2Fms%2Fdownload%2Fms-2.0.0.tgz",
          "integrity": "sha1-VgiurfwAvmwpAd9fmGF4jeDVl8g="
        }
      }
    },
    "graphql": {
      "version": "14.6.0",
      "resolved": "https://registry.npm.taobao.org/graphql/download/graphql-14.6.0.tgz?cache=0&sync_timestamp=1581351346659&other_urls=https%3A%2F%2Fregistry.npm.taobao.org%2Fgraphql%2Fdownload%2Fgraphql-14.6.0.tgz",
      "integrity": "sha1-V4IilxEeh06hL1zUQZYWkwzYPkk=",
      "requires": {
        "iterall": "^1.2.2"
      }
    },
    "graphql-request": {
      "version": "1.8.2",
      "resolved": "https://registry.npm.taobao.org/graphql-request/download/graphql-request-1.8.2.tgz",
      "integrity": "sha1-OY0QrhXFhWdnQb3j/AHVypSPj74=",
      "requires": {
        "cross-fetch": "2.2.2"
      },
      "dependencies": {
        "cross-fetch": {
          "version": "2.2.2",
          "resolved": "https://registry.npm.taobao.org/cross-fetch/download/cross-fetch-2.2.2.tgz",
          "integrity": "sha1-pH/09/xxLauo9qaVoRyUhEDUVyM=",
          "requires": {
            "node-fetch": "2.1.2",
            "whatwg-fetch": "2.0.4"
          }
        },
        "node-fetch": {
          "version": "2.1.2",
          "resolved": "https://registry.npm.taobao.org/node-fetch/download/node-fetch-2.1.2.tgz",
          "integrity": "sha1-q4hOjn5X44qUR1POxwb3iNF2i7U="
        },
        "whatwg-fetch": {
          "version": "2.0.4",
          "resolved": "https://registry.npm.taobao.org/whatwg-fetch/download/whatwg-fetch-2.0.4.tgz?cache=0&other_urls=https%3A%2F%2Fregistry.npm.taobao.org%2Fwhatwg-fetch%2Fdownload%2Fwhatwg-fetch-2.0.4.tgz",
          "integrity": "sha1-3eal3zFfnTmZGqF2IYU9cguFVm8="
        }
      }
    },
    "graphql-tag": {
      "version": "2.10.3",
      "resolved": "https://registry.npm.taobao.org/graphql-tag/download/graphql-tag-2.10.3.tgz",
      "integrity": "sha1-6hurpeuPxjOeTEzwSdq+UisO3wM="
    },
    "hash-base": {
      "version": "3.0.4",
      "resolved": "https://registry.npm.taobao.org/hash-base/download/hash-base-3.0.4.tgz",
      "integrity": "sha1-X8hoaEfs1zSZQDMZprCj8/auSRg=",
      "requires": {
        "inherits": "^2.0.1",
        "safe-buffer": "^5.0.1"
      }
    },
    "hash.js": {
      "version": "1.1.7",
      "resolved": "https://registry.npm.taobao.org/hash.js/download/hash.js-1.1.7.tgz",
      "integrity": "sha1-C6vKU46NTuSg+JiNaIZlN6ADz0I=",
      "requires": {
        "inherits": "^2.0.3",
        "minimalistic-assert": "^1.0.1"
      }
    },
    "hdkey": {
      "version": "1.1.1",
      "resolved": "https://registry.npm.taobao.org/hdkey/download/hdkey-1.1.1.tgz",
      "integrity": "sha1-wrO/1Yg/+VKbcvLwiyi+CXKp9ko=",
      "requires": {
        "coinstring": "^2.0.0",
        "safe-buffer": "^5.1.1",
        "secp256k1": "^3.0.1"
      }
    },
    "hmac-drbg": {
      "version": "1.0.1",
      "resolved": "https://registry.npm.taobao.org/hmac-drbg/download/hmac-drbg-1.0.1.tgz",
      "integrity": "sha1-0nRXAQJabHdabFRXk+1QL8DGSaE=",
      "requires": {
        "hash.js": "^1.0.3",
        "minimalistic-assert": "^1.0.0",
        "minimalistic-crypto-utils": "^1.0.1"
      }
    },
    "inherits": {
      "version": "2.0.4",
      "resolved": "https://registry.npm.taobao.org/inherits/download/inherits-2.0.4.tgz",
      "integrity": "sha1-D6LGT5MpF8NDOg3tVTY6rjdBa3w="
    },
    "is-buffer": {
      "version": "2.0.4",
      "resolved": "https://registry.npm.taobao.org/is-buffer/download/is-buffer-2.0.4.tgz",
      "integrity": "sha1-PlcvI8hBGlz9lVfISeNmXgspBiM="
    },
    "isarray": {
      "version": "1.0.0",
      "resolved": "https://registry.npm.taobao.org/isarray/download/isarray-1.0.0.tgz?cache=0&sync_timestamp=1562592096220&other_urls=https%3A%2F%2Fregistry.npm.taobao.org%2Fisarray%2Fdownload%2Fisarray-1.0.0.tgz",
      "integrity": "sha1-u5NdSFgsuhaMBoNJV6VKPgcSTxE="
    },
    "iterall": {
      "version": "1.3.0",
      "resolved": "https://registry.npm.taobao.org/iterall/download/iterall-1.3.0.tgz?cache=0&sync_timestamp=1578018717555&other_urls=https%3A%2F%2Fregistry.npm.taobao.org%2Fiterall%2Fdownload%2Fiterall-1.3.0.tgz",
      "integrity": "sha1-r8sISS4pFcvYoIhOuTqMlNDXL+o="
    },
    "jsbi": {
      "version": "3.1.1",
      "resolved": "https://registry.npm.taobao.org/jsbi/download/jsbi-3.1.1.tgz",
      "integrity": "sha1-jqGLPgjRAsbMCayqmgmZIdd19Po="
    },
    "json-bigint": {
      "version": "0.3.0",
      "resolved": "https://registry.npm.taobao.org/json-bigint/download/json-bigint-0.3.0.tgz",
      "integrity": "sha1-DM2RLEuCcNBfBW+9E4FLU9OCWx4=",
      "requires": {
        "bignumber.js": "^7.0.0"
      },
      "dependencies": {
        "bignumber.js": {
          "version": "7.2.1",
          "resolved": "https://registry.npm.taobao.org/bignumber.js/download/bignumber.js-7.2.1.tgz",
          "integrity": "sha1-gMBIdZ2CaACAfEv9Uh5Q7bulel8="
        }
      }
    },
    "keccak": {
      "version": "2.1.0",
      "resolved": "https://registry.npm.taobao.org/keccak/download/keccak-2.1.0.tgz",
      "integrity": "sha1-c06lPy7c/Q9CzbjV9MNY/vBSdSs=",
      "requires": {
        "bindings": "^1.5.0",
        "inherits": "^2.0.4",
        "nan": "^2.14.0",
        "safe-buffer": "^5.2.0"
      }
    },
    "map-obj": {
      "version": "4.1.0",
      "resolved": "https://registry.npm.taobao.org/map-obj/download/map-obj-4.1.0.tgz?cache=0&sync_timestamp=1560578867343&other_urls=https%3A%2F%2Fregistry.npm.taobao.org%2Fmap-obj%2Fdownload%2Fmap-obj-4.1.0.tgz",
      "integrity": "sha1-uRIhtUJzS58UJWwBMsiXxdclb9U="
    },
    "md5.js": {
      "version": "1.3.5",
      "resolved": "https://registry.npm.taobao.org/md5.js/download/md5.js-1.3.5.tgz",
      "integrity": "sha1-tdB7jjIW4+J81yjXL3DR5qNCAF8=",
      "requires": {
        "hash-base": "^3.0.0",
        "inherits": "^2.0.1",
        "safe-buffer": "^5.1.2"
      }
    },
    "memory-pager": {
      "version": "1.5.0",
      "resolved": "https://registry.npm.taobao.org/memory-pager/download/memory-pager-1.5.0.tgz",
      "integrity": "sha1-2HUWVdItOEaCdByXLyw9bfo+ZrU=",
      "optional": true
    },
    "minimalistic-assert": {
      "version": "1.0.1",
      "resolved": "https://registry.npm.taobao.org/minimalistic-assert/download/minimalistic-assert-1.0.1.tgz",
      "integrity": "sha1-LhlN4ERibUoQ5/f7wAznPoPk1cc="
    },
    "minimalistic-crypto-utils": {
      "version": "1.0.1",
      "resolved": "https://registry.npm.taobao.org/minimalistic-crypto-utils/download/minimalistic-crypto-utils-1.0.1.tgz",
      "integrity": "sha1-9sAMHAsIIkblxNmd+4x8CDsrWCo="
    },
    "moment": {
      "version": "2.24.0",
      "resolved": "https://registry.npm.taobao.org/moment/download/moment-2.24.0.tgz",
      "integrity": "sha1-DQVdU/UFKqZTyfbraLtdEr9cK1s="
    },
    "moment-timezone": {
      "version": "0.5.28",
      "resolved": "https://registry.npm.taobao.org/moment-timezone/download/moment-timezone-0.5.28.tgz",
      "integrity": "sha1-8JPXidCR7XsFXYKqgagkZ/cuQzg=",
      "requires": {
        "moment": ">= 2.9.0"
      }
    },
    "mongodb": {
      "version": "3.5.5",
      "resolved": "https://registry.npm.taobao.org/mongodb/download/mongodb-3.5.5.tgz",
      "integrity": "sha1-EzTD5aOERprH7w3qadWazIKaSWo=",
      "requires": {
        "bl": "^2.2.0",
        "bson": "^1.1.1",
        "denque": "^1.4.1",
        "require_optional": "^1.0.1",
        "safe-buffer": "^5.1.2",
        "saslprep": "^1.0.0"
      }
    },
    "ms": {
      "version": "2.1.2",
      "resolved": "https://registry.npm.taobao.org/ms/download/ms-2.1.2.tgz?cache=0&other_urls=https%3A%2F%2Fregistry.npm.taobao.org%2Fms%2Fdownload%2Fms-2.1.2.tgz",
      "integrity": "sha1-0J0fNXtEP0kzgqjrPM0YOHKuYAk="
    },
    "muta-sdk": {
      "version": "0.9.0",
      "resolved": "https://registry.npm.taobao.org/muta-sdk/download/muta-sdk-0.9.0.tgz",
      "integrity": "sha1-HKPZl41wnodVSeE6tM2XIOMQcKA=",
      "requires": {
        "@types/debug": "^4.1.5",
        "@types/randombytes": "^2.0.0",
        "@types/secp256k1": "^3.5.0",
        "bignumber.js": "^9.0.0",
        "bip39": "^3.0.2",
        "cross-fetch": "^3.0.4",
        "debug": "^4.1.1",
        "graphql": "^14.5.8",
        "graphql-request": "^1.8.2",
        "graphql-tag": "^2.10.1",
        "hdkey": "^1.1.1",
        "json-bigint": "^0.3.0",
        "keccak": "^2.0.0",
        "randombytes": "^2.1.0",
        "rlp": "^2.2.3",
        "secp256k1": "^3.7.1",
        "utility-types": "^3.9.0"
      }
    },
    "nan": {
      "version": "2.14.0",
      "resolved": "https://registry.npm.taobao.org/nan/download/nan-2.14.0.tgz",
      "integrity": "sha1-eBj3IgJ7JFmobwKV1DTR/CM2xSw="
    },
    "nanoassert": {
      "version": "1.1.0",
      "resolved": "https://registry.npm.taobao.org/nanoassert/download/nanoassert-1.1.0.tgz",
      "integrity": "sha1-TzFS4JVA/eKMdvRLGbvNHVpCR40="
    },
    "node-fetch": {
      "version": "2.6.0",
      "resolved": "https://registry.npm.taobao.org/node-fetch/download/node-fetch-2.6.0.tgz",
      "integrity": "sha1-5jNFY4bUqlWGP2dqerDaqP3ssP0="
    },
    "pbkdf2": {
      "version": "3.0.17",
      "resolved": "https://registry.npm.taobao.org/pbkdf2/download/pbkdf2-3.0.17.tgz",
      "integrity": "sha1-l2wgZTBhexTrsyEUI597CTNuk6Y=",
      "requires": {
        "create-hash": "^1.1.2",
        "create-hmac": "^1.1.4",
        "ripemd160": "^2.0.1",
        "safe-buffer": "^5.0.1",
        "sha.js": "^2.4.8"
      }
    },
    "process-nextick-args": {
      "version": "2.0.1",
      "resolved": "https://registry.npm.taobao.org/process-nextick-args/download/process-nextick-args-2.0.1.tgz",
      "integrity": "sha1-eCDZsWEgzFXKmud5JoCufbptf+I="
    },
    "quick-lru": {
      "version": "4.0.1",
      "resolved": "https://registry.npm.taobao.org/quick-lru/download/quick-lru-4.0.1.tgz",
      "integrity": "sha1-W4h48ROlgheEjGSCAmxz4bpXcn8="
    },
    "randombytes": {
      "version": "2.1.0",
      "resolved": "https://registry.npm.taobao.org/randombytes/download/randombytes-2.1.0.tgz",
      "integrity": "sha1-32+ENy8CcNxlzfYpE0mrekc9Tyo=",
      "requires": {
        "safe-buffer": "^5.1.0"
      }
    },
    "readable-stream": {
      "version": "2.3.7",
      "resolved": "https://registry.npm.taobao.org/readable-stream/download/readable-stream-2.3.7.tgz?cache=0&sync_timestamp=1581624324274&other_urls=https%3A%2F%2Fregistry.npm.taobao.org%2Freadable-stream%2Fdownload%2Freadable-stream-2.3.7.tgz",
      "integrity": "sha1-Hsoc9xGu+BTAT2IlKjamL2yyO1c=",
      "requires": {
        "core-util-is": "~1.0.0",
        "inherits": "~2.0.3",
        "isarray": "~1.0.0",
        "process-nextick-args": "~2.0.0",
        "safe-buffer": "~5.1.1",
        "string_decoder": "~1.1.1",
        "util-deprecate": "~1.0.1"
      },
      "dependencies": {
        "safe-buffer": {
          "version": "5.1.2",
          "resolved": "https://registry.npm.taobao.org/safe-buffer/download/safe-buffer-5.1.2.tgz",
          "integrity": "sha1-mR7GnSluAxN0fVm9/St0XDX4go0="
        }
      }
    },
    "require_optional": {
      "version": "1.0.1",
      "resolved": "https://registry.npm.taobao.org/require_optional/download/require_optional-1.0.1.tgz",
      "integrity": "sha1-TPNaQkf2TKPfjC7yCMxJSxyo/C4=",
      "requires": {
        "resolve-from": "^2.0.0",
        "semver": "^5.1.0"
      }
    },
    "resolve-from": {
      "version": "2.0.0",
      "resolved": "https://registry.npm.taobao.org/resolve-from/download/resolve-from-2.0.0.tgz",
      "integrity": "sha1-lICrIOlP+h2egKgEx+oUdhGWa1c="
    },
    "ripemd160": {
      "version": "2.0.2",
      "resolved": "https://registry.npm.taobao.org/ripemd160/download/ripemd160-2.0.2.tgz",
      "integrity": "sha1-ocGm9iR1FXe6XQeRTLyShQWFiQw=",
      "requires": {
        "hash-base": "^3.0.0",
        "inherits": "^2.0.1"
      }
    },
    "rlp": {
      "version": "2.2.4",
      "resolved": "https://registry.npm.taobao.org/rlp/download/rlp-2.2.4.tgz",
      "integrity": "sha1-1rDhZZ6ShfxQml0WmpvQb3BJUcE=",
      "requires": {
        "bn.js": "^4.11.1"
      }
    },
    "safe-buffer": {
      "version": "5.2.0",
      "resolved": "https://registry.npm.taobao.org/safe-buffer/download/safe-buffer-5.2.0.tgz",
      "integrity": "sha1-t02uxJsRSPiMZLaNSbHoFcHy9Rk="
    },
    "saslprep": {
      "version": "1.0.3",
      "resolved": "https://registry.npm.taobao.org/saslprep/download/saslprep-1.0.3.tgz",
      "integrity": "sha1-TAL5RrVs9UKX40e6EJPnrKxM8iY=",
      "optional": true,
      "requires": {
        "sparse-bitfield": "^3.0.3"
      }
    },
    "secp256k1": {
      "version": "3.8.0",
      "resolved": "https://registry.npm.taobao.org/secp256k1/download/secp256k1-3.8.0.tgz",
      "integrity": "sha1-KPWfSwHb7pV19WpHA0t9Ljs7NS0=",
      "requires": {
        "bindings": "^1.5.0",
        "bip66": "^1.1.5",
        "bn.js": "^4.11.8",
        "create-hash": "^1.2.0",
        "drbg.js": "^1.0.1",
        "elliptic": "^6.5.2",
        "nan": "^2.14.0",
        "safe-buffer": "^5.1.2"
      }
    },
    "semver": {
      "version": "5.7.1",
      "resolved": "https://registry.npm.taobao.org/semver/download/semver-5.7.1.tgz?cache=0&sync_timestamp=1581458063470&other_urls=https%3A%2F%2Fregistry.npm.taobao.org%2Fsemver%2Fdownload%2Fsemver-5.7.1.tgz",
      "integrity": "sha1-qVT5Ma66UI0we78Gnv8MAclhFvc="
    },
    "sha.js": {
      "version": "2.4.11",
      "resolved": "https://registry.npm.taobao.org/sha.js/download/sha.js-2.4.11.tgz?cache=0&other_urls=https%3A%2F%2Fregistry.npm.taobao.org%2Fsha.js%2Fdownload%2Fsha.js-2.4.11.tgz",
      "integrity": "sha1-N6XPC4HsvGlD3hCbopYNGyZYSuc=",
      "requires": {
        "inherits": "^2.0.1",
        "safe-buffer": "^5.0.1"
      }
    },
    "snakecase-keys": {
      "version": "3.1.2",
      "resolved": "https://registry.npm.taobao.org/snakecase-keys/download/snakecase-keys-3.1.2.tgz",
      "integrity": "sha1-r7BfLFtj6EpOPWyMEXyZoAJqg5w=",
      "requires": {
        "map-obj": "^4.0.0",
        "to-snake-case": "^1.0.0"
      }
    },
    "sparse-bitfield": {
      "version": "3.0.3",
      "resolved": "https://registry.npm.taobao.org/sparse-bitfield/download/sparse-bitfield-3.0.3.tgz",
      "integrity": "sha1-/0rm5oZWBWuks+eSqzM004JzyhE=",
      "optional": true,
      "requires": {
        "memory-pager": "^1.0.2"
      }
    },
    "string_decoder": {
      "version": "1.1.1",
      "resolved": "https://registry.npm.taobao.org/string_decoder/download/string_decoder-1.1.1.tgz?cache=0&sync_timestamp=1565170823020&other_urls=https%3A%2F%2Fregistry.npm.taobao.org%2Fstring_decoder%2Fdownload%2Fstring_decoder-1.1.1.tgz",
      "integrity": "sha1-nPFhG6YmhdcDCunkujQUnDrwP8g=",
      "requires": {
        "safe-buffer": "~5.1.0"
      },
      "dependencies": {
        "safe-buffer": {
          "version": "5.1.2",
          "resolved": "https://registry.npm.taobao.org/safe-buffer/download/safe-buffer-5.1.2.tgz",
          "integrity": "sha1-mR7GnSluAxN0fVm9/St0XDX4go0="
        }
      }
    },
    "to-no-case": {
      "version": "1.0.2",
      "resolved": "https://registry.npm.taobao.org/to-no-case/download/to-no-case-1.0.2.tgz",
      "integrity": "sha1-xyKQcWTvaxeBMsjmmTAhLRtKoWo="
    },
    "to-snake-case": {
      "version": "1.0.0",
      "resolved": "https://registry.npm.taobao.org/to-snake-case/download/to-snake-case-1.0.0.tgz",
      "integrity": "sha1-znRpE4l5RgGah+Yu366upMYIq4w=",
      "requires": {
        "to-space-case": "^1.0.0"
      }
    },
    "to-space-case": {
      "version": "1.0.0",
      "resolved": "https://registry.npm.taobao.org/to-space-case/download/to-space-case-1.0.0.tgz",
      "integrity": "sha1-sFLar7Gysp3HcM6gFj5ewOvJ/Bc=",
      "requires": {
        "to-no-case": "^1.0.0"
      }
    },
    "util-deprecate": {
      "version": "1.0.2",
      "resolved": "https://registry.npm.taobao.org/util-deprecate/download/util-deprecate-1.0.2.tgz",
      "integrity": "sha1-RQ1Nyfpw3nMnYvvS1KKJgUGaDM8="
    },
    "utility-types": {
      "version": "3.10.0",
      "resolved": "https://registry.npm.taobao.org/utility-types/download/utility-types-3.10.0.tgz",
      "integrity": "sha1-6kFI+adBAV8F7XT9YV4dIOa+2Cs="
    },
    "whatwg-fetch": {
      "version": "3.0.0",
      "resolved": "https://registry.npm.taobao.org/whatwg-fetch/download/whatwg-fetch-3.0.0.tgz?cache=0&other_urls=https%3A%2F%2Fregistry.npm.taobao.org%2Fwhatwg-fetch%2Fdownload%2Fwhatwg-fetch-3.0.0.tgz",
      "integrity": "sha1-/IBORYzEYACbGiuWa8iBfSV4rvs="
    }
  }
}
